{
  "nodes": {
    "nix-filter": {
      "locked": {
        "lastModified": 1678109515,
        "narHash": "sha256-C2X+qC80K2C1TOYZT8nabgo05Dw2HST/pSn6s+n6BO8=",
        "owner": "numtide",
        "repo": "nix-filter",
        "rev": "aa9ff6ce4a7f19af6415fb3721eaa513ea6c763c",
        "type": "github"
      },
      "original": {
        "owner": "numtide",
        "repo": "nix-filter",
        "type": "github"
      }
    },
    "nixpkgs": {
      "locked": {
        "lastModified": 1660061654,
        "narHash": "sha256-QlwytzL2l6exY3NmXzXQHr6aWQJHfH/QCWnD/YMPNpc=",
        "owner": "NixOS",
        "repo": "nixpkgs",
        "rev": "bbd9e0bfd03cfedaa17f9360daa2f39e613b40b2",
        "type": "github"
      },
      "original": {
        "owner": "NixOS",
        "repo": "nixpkgs",
        "type": "github"
      }
    },
    "root": {
      "inputs": {
        "nix-filter": "nix-filter",
        "nixpkgs": "nixpkgs"
      }
    }
  },
  "root": "root",
  "version": 7
}
