{
  "nodes": {
    "nixpkgs": {
      "locked": {
        "lastModified": 1641474285,
        "narHash": "sha256-QmtuErcK4e93kJsHmBrIg5JmV45uczBhsx2W0sZBALQ=",
        "owner": "NixOS",
        "repo": "nixpkgs",
        "rev": "b47ba6b62bd9a7723962b6b78f9fd52e074dc52f",
        "type": "github"
      },
      "original": {
        "owner": "NixOS",
        "ref": "master",
        "repo": "nixpkgs",
        "type": "github"
      }
    },
    "root": {
      "inputs": {
        "nixpkgs": "nixpkgs"
      }
    }
  },
  "root": "root",
  "version": 7
}
