{
  "nodes": {
    "nix-filter": {
      "locked": {
        "lastModified": 1687178632,
        "narHash": "sha256-HS7YR5erss0JCaUijPeyg2XrisEb959FIct3n2TMGbE=",
        "owner": "numtide",
        "repo": "nix-filter",
        "rev": "d90c75e8319d0dd9be67d933d8eb9d0894ec9174",
        "type": "github"
      },
      "original": {
        "owner": "numtide",
        "repo": "nix-filter",
        "type": "github"
      }
    },
    "nixpkgs": {
      "locked": {
        "lastModified": 1690837979,
        "narHash": "sha256-fiQZ3vHphqJjFiLwQ5JfGRxNPruWpoQTbOoHhiyO90c=",
        "owner": "NixOS",
        "repo": "nixpkgs",
        "rev": "a5e3f306b773ffd0196271383c1900e78c7dc212",
        "type": "github"
      },
      "original": {
        "owner": "NixOS",
        "repo": "nixpkgs",
        "type": "github"
      }
    },
    "root": {
      "inputs": {
        "nix-filter": "nix-filter",
        "nixpkgs": "nixpkgs"
      }
    }
  },
  "root": "root",
  "version": 7
}
